
Microsoft Visual Studio Solution File, Format Version 12.00
# Visual Studio Version 17
VisualStudioVersion = 17.11.35222.181
MinimumVisualStudioVersion = 10.0.40219.1
Project("{FAE04EC0-301F-11D3-BF4B-00C04F79EFBC}") = "DatabaseAccess", "DatabaseAccess\DatabaseAccess.csproj", "{96757E5E-8F97-4BBB-82E5-C9D14E1C5BA8}"
EndProject
Project("{FAE04EC0-301F-11D3-BF4B-00C04F79EFBC}") = "ModelClasses", "ModelClasses\ModelClasses.csproj", "{77CDF2B8-FACA-4905-AD43-78578964DCE9}"
EndProject
Project("{FAE04EC0-301F-11D3-BF4B-00C04F79EFBC}") = "MiahWholeSale", "MiahWholeSale\MiahWholeSale.csproj", "{BAFE03CD-7CA0-4E04-99A4-37B4E5572E3B}"
EndProject
Global
	GlobalSection(SolutionConfigurationPlatforms) = preSolution
		Debug|Any CPU = Debug|Any CPU
		Release|Any CPU = Release|Any CPU
	EndGlobalSection
	GlobalSection(ProjectConfigurationPlatforms) = postSolution
		{96757E5E-8F97-4BBB-82E5-C9D14E1C5BA8}.Debug|Any CPU.ActiveCfg = Debug|Any CPU
		{96757E5E-8F97-4BBB-82E5-C9D14E1C5BA8}.Debug|Any CPU.Build.0 = Debug|Any CPU
		{96757E5E-8F97-4BBB-82E5-C9D14E1C5BA8}.Release|Any CPU.ActiveCfg = Release|Any CPU
		{96757E5E-8F97-4BBB-82E5-C9D14E1C5BA8}.Release|Any CPU.Build.0 = Release|Any CPU
		{77CDF2B8-FACA-4905-AD43-78578964DCE9}.Debug|Any CPU.ActiveCfg = Debug|Any CPU
		{77CDF2B8-FACA-4905-AD43-78578964DCE9}.Debug|Any CPU.Build.0 = Debug|Any CPU
		{77CDF2B8-FACA-4905-AD43-78578964DCE9}.Release|Any CPU.ActiveCfg = Release|Any CPU
		{77CDF2B8-FACA-4905-AD43-78578964DCE9}.Release|Any CPU.Build.0 = Release|Any CPU
		{BAFE03CD-7CA0-4E04-99A4-37B4E5572E3B}.Debug|Any CPU.ActiveCfg = Debug|Any CPU
		{BAFE03CD-7CA0-4E04-99A4-37B4E5572E3B}.Debug|Any CPU.Build.0 = Debug|Any CPU
		{BAFE03CD-7CA0-4E04-99A4-37B4E5572E3B}.Release|Any CPU.ActiveCfg = Release|Any CPU
		{BAFE03CD-7CA0-4E04-99A4-37B4E5572E3B}.Release|Any CPU.Build.0 = Release|Any CPU
	EndGlobalSection
	GlobalSection(SolutionProperties) = preSolution
		HideSolutionNode = FALSE
	EndGlobalSection
	GlobalSection(ExtensibilityGlobals) = postSolution
		SolutionGuid = {8FE693E0-B147-41E1-B674-A7451E6DC441}
	EndGlobalSection
EndGlobal
